
Microsoft Visual Studio Solution File, Format Version 12.00
# Visual Studio 2012
Project("{FAE04EC0-301F-11D3-BF4B-00C04F79EFBC}") = "BookLibrary", "BookLibrary\BookLibrary.csproj", "{73783F83-CE58-4CDC-84B2-52BFDD9DEEB5}"
EndProject
Global
	GlobalSection(SolutionConfigurationPlatforms) = preSolution
		Debug|Any CPU = Debug|Any CPU
		Release|Any CPU = Release|Any CPU
	EndGlobalSection
	GlobalSection(ProjectConfigurationPlatforms) = postSolution
		{73783F83-CE58-4CDC-84B2-52BFDD9DEEB5}.Debug|Any CPU.ActiveCfg = Debug|Any CPU
		{73783F83-CE58-4CDC-84B2-52BFDD9DEEB5}.Debug|Any CPU.Build.0 = Debug|Any CPU
		{73783F83-CE58-4CDC-84B2-52BFDD9DEEB5}.Release|Any CPU.ActiveCfg = Release|Any CPU
		{73783F83-CE58-4CDC-84B2-52BFDD9DEEB5}.Release|Any CPU.Build.0 = Release|Any CPU
	EndGlobalSection
	GlobalSection(SolutionProperties) = preSolution
		HideSolutionNode = FALSE
	EndGlobalSection
EndGlobal
